
Microsoft Visual Studio Solution File, Format Version 12.00
# Visual Studio 15
VisualStudioVersion = 15.0.26730.8
MinimumVisualStudioVersion = 10.0.40219.1
Project("{FAE04EC0-301F-11D3-BF4B-00C04F79EFBC}") = "StarCatalog1", "StarCatalog1\StarCatalog1.csproj", "{62C05943-826B-4A1B-B4DC-F31D6D0D8482}"
EndProject
Global
	GlobalSection(SolutionConfigurationPlatforms) = preSolution
		Debug|Any CPU = Debug|Any CPU
		Release|Any CPU = Release|Any CPU
	EndGlobalSection
	GlobalSection(ProjectConfigurationPlatforms) = postSolution
		{62C05943-826B-4A1B-B4DC-F31D6D0D8482}.Debug|Any CPU.ActiveCfg = Debug|Any CPU
		{62C05943-826B-4A1B-B4DC-F31D6D0D8482}.Debug|Any CPU.Build.0 = Debug|Any CPU
		{62C05943-826B-4A1B-B4DC-F31D6D0D8482}.Release|Any CPU.ActiveCfg = Release|Any CPU
		{62C05943-826B-4A1B-B4DC-F31D6D0D8482}.Release|Any CPU.Build.0 = Release|Any CPU
	EndGlobalSection
	GlobalSection(SolutionProperties) = preSolution
		HideSolutionNode = FALSE
	EndGlobalSection
	GlobalSection(ExtensibilityGlobals) = postSolution
		SolutionGuid = {D1D9CDCB-4CED-4E82-BFA0-E2A67258144F}
	EndGlobalSection
EndGlobal
